
Microsoft Visual Studio Solution File, Format Version 12.00
# Visual Studio Version 17
VisualStudioVersion = 17.3.32901.215
MinimumVisualStudioVersion = 10.0.40219.1
Project("{FAE04EC0-301F-11D3-BF4B-00C04F79EFBC}") = "WindowsFormsApp42", "WindowsFormsApp42\WindowsFormsApp42.csproj", "{B15117B8-FB51-435E-85D3-42E7CBDC8C9A}"
EndProject
Global
	GlobalSection(SolutionConfigurationPlatforms) = preSolution
		Debug|Any CPU = Debug|Any CPU
		Release|Any CPU = Release|Any CPU
	EndGlobalSection
	GlobalSection(ProjectConfigurationPlatforms) = postSolution
		{B15117B8-FB51-435E-85D3-42E7CBDC8C9A}.Debug|Any CPU.ActiveCfg = Debug|Any CPU
		{B15117B8-FB51-435E-85D3-42E7CBDC8C9A}.Debug|Any CPU.Build.0 = Debug|Any CPU
		{B15117B8-FB51-435E-85D3-42E7CBDC8C9A}.Release|Any CPU.ActiveCfg = Release|Any CPU
		{B15117B8-FB51-435E-85D3-42E7CBDC8C9A}.Release|Any CPU.Build.0 = Release|Any CPU
	EndGlobalSection
	GlobalSection(SolutionProperties) = preSolution
		HideSolutionNode = FALSE
	EndGlobalSection
	GlobalSection(ExtensibilityGlobals) = postSolution
		SolutionGuid = {5FBDBDE6-FD5E-469B-BE6E-EEB15C87BD3B}
	EndGlobalSection
EndGlobal
